<Solution>
  <Project Path="ChoreMonkey.ApiService/ChoreMonkey.ApiService.csproj" />
  <Project Path="ChoreMonkey.AppHost/ChoreMonkey.AppHost.csproj" />
  <Project Path="ChoreMonkey.Core/ChoreMonkey.Core.csproj" />
  <Project Path="ChoreMonkey.Events/ChoreMonkey.Events.csproj" />
  <Project Path="ChoreMonkey.ServiceDefaults/ChoreMonkey.ServiceDefaults.csproj" />
  <Project Path="ChoreMonkey.Tests/ChoreMonkey.Tests.csproj" />
  <Project Path="ChoreMonkey.IntegrationTests/ChoreMonkey.IntegrationTests.csproj" />
</Solution>
